{
  "name": "medusa-b2b-monorepo",
  "version": "1.0.0",
  "lockfileVersion": 3,
  "requires": true,
  "packages": {
    "": {
      "name": "medusa-b2b-monorepo",
      "version": "1.0.0",
      "devDependencies": {
        "turbo": "^2.5.8"
      },
      "engines": {
        "node": ">=20"
      }
    },
    "node_modules/turbo": {
      "version": "2.5.8",
      "dev": true,
      "license": "MIT",
      "bin": {
        "turbo": "bin/turbo"
      },
      "optionalDependencies": {
        "turbo-darwin-64": "2.5.8",
        "turbo-darwin-arm64": "2.5.8",
        "turbo-linux-64": "2.5.8",
        "turbo-linux-arm64": "2.5.8",
        "turbo-windows-64": "2.5.8",
        "turbo-windows-arm64": "2.5.8"
      }
    },
    "node_modules/turbo-darwin-64": {
      "version": "2.5.8",
      "cpu": [
        "x64"
      ],
      "dev": true,
      "license": "MIT",
      "optional": true,
      "os": [
        "darwin"
      ]
    }
  }
}
